
Microsoft Visual Studio Solution File, Format Version 12.00
# Visual Studio Version 17
VisualStudioVersion = 17.1.32210.238
MinimumVisualStudioVersion = 10.0.40219.1
Project("{FAE04EC0-301F-11D3-BF4B-00C04F79EFBC}") = "Tracer", "Tracer\Tracer.csproj", "{3327422E-E200-4FFC-B42C-D2EEC9BC1319}"
EndProject
Global
	GlobalSection(SolutionConfigurationPlatforms) = preSolution
		Debug|Any CPU = Debug|Any CPU
		Release|Any CPU = Release|Any CPU
	EndGlobalSection
	GlobalSection(ProjectConfigurationPlatforms) = postSolution
		{3327422E-E200-4FFC-B42C-D2EEC9BC1319}.Debug|Any CPU.ActiveCfg = Debug|Any CPU
		{3327422E-E200-4FFC-B42C-D2EEC9BC1319}.Debug|Any CPU.Build.0 = Debug|Any CPU
		{3327422E-E200-4FFC-B42C-D2EEC9BC1319}.Release|Any CPU.ActiveCfg = Release|Any CPU
		{3327422E-E200-4FFC-B42C-D2EEC9BC1319}.Release|Any CPU.Build.0 = Release|Any CPU
	EndGlobalSection
	GlobalSection(SolutionProperties) = preSolution
		HideSolutionNode = FALSE
	EndGlobalSection
	GlobalSection(ExtensibilityGlobals) = postSolution
		SolutionGuid = {D868CF8E-489B-4C91-ACAD-D080B8BE87B1}
	EndGlobalSection
EndGlobal
